
Microsoft Visual Studio Solution File, Format Version 12.00
# Visual Studio Version 17
VisualStudioVersion = 17.5.002.0
MinimumVisualStudioVersion = 10.0.40219.1
Project("{9A19103F-16F7-4668-BE54-9A1E7A4F7556}") = "Novi backend za SWE", "Novi backend za SWE.csproj", "{A5980280-A59E-4E8B-BEBF-1A86777B7BEB}"
EndProject
Global
	GlobalSection(SolutionConfigurationPlatforms) = preSolution
		Debug|Any CPU = Debug|Any CPU
		Release|Any CPU = Release|Any CPU
	EndGlobalSection
	GlobalSection(ProjectConfigurationPlatforms) = postSolution
		{A5980280-A59E-4E8B-BEBF-1A86777B7BEB}.Debug|Any CPU.ActiveCfg = Debug|Any CPU
		{A5980280-A59E-4E8B-BEBF-1A86777B7BEB}.Debug|Any CPU.Build.0 = Debug|Any CPU
		{A5980280-A59E-4E8B-BEBF-1A86777B7BEB}.Release|Any CPU.ActiveCfg = Release|Any CPU
		{A5980280-A59E-4E8B-BEBF-1A86777B7BEB}.Release|Any CPU.Build.0 = Release|Any CPU
	EndGlobalSection
	GlobalSection(SolutionProperties) = preSolution
		HideSolutionNode = FALSE
	EndGlobalSection
	GlobalSection(ExtensibilityGlobals) = postSolution
		SolutionGuid = {6A4F033B-6485-4A8A-9CE1-8F3E0DCE71ED}
	EndGlobalSection
EndGlobal
